
Microsoft Visual Studio Solution File, Format Version 12.00
# Visual Studio Version 17
VisualStudioVersion = 17.0.32014.148
MinimumVisualStudioVersion = 10.0.40219.1
Project("{FAE04EC0-301F-11D3-BF4B-00C04F79EFBC}") = "WindowsFormsAppLpB", "WindowsFormsAppLpB\WindowsFormsAppLpB.csproj", "{962DFE1E-0B7A-4E97-A0A8-004CBC3A7270}"
EndProject
Global
	GlobalSection(SolutionConfigurationPlatforms) = preSolution
		Debug|Any CPU = Debug|Any CPU
		Release|Any CPU = Release|Any CPU
	EndGlobalSection
	GlobalSection(ProjectConfigurationPlatforms) = postSolution
		{962DFE1E-0B7A-4E97-A0A8-004CBC3A7270}.Debug|Any CPU.ActiveCfg = Debug|Any CPU
		{962DFE1E-0B7A-4E97-A0A8-004CBC3A7270}.Debug|Any CPU.Build.0 = Debug|Any CPU
		{962DFE1E-0B7A-4E97-A0A8-004CBC3A7270}.Release|Any CPU.ActiveCfg = Release|Any CPU
		{962DFE1E-0B7A-4E97-A0A8-004CBC3A7270}.Release|Any CPU.Build.0 = Release|Any CPU
	EndGlobalSection
	GlobalSection(SolutionProperties) = preSolution
		HideSolutionNode = FALSE
	EndGlobalSection
	GlobalSection(ExtensibilityGlobals) = postSolution
		SolutionGuid = {DD983802-3006-4471-A0AE-BE8048708F75}
	EndGlobalSection
EndGlobal
